{
  "name": "inventory-tracker",
  "version": "0.1.0",
  "lockfileVersion": 3,
  "requires": true,
  "packages": {
    "": {
      "name": "inventory-tracker",
      "version": "0.1.0",
      "hasInstallScript": true,
      "license": "ISC",
      "devDependencies": {
        "generate-password": "^1.7.1",
        "turbo": "^2.0.9"
      }
    },
    "apps/client": {
      "name": "@inventory-tracker/client",
      "version": "0.1.0",
      "extraneous": true,
      "license": "ISC",
      "dependencies": {
        "@yudiel/react-qr-scanner": "^2.3.1",
        "classnames": "^2.5.1",
        "lodash.pick": "^4.4.0",
        "react": "^18.2.0",
        "react-barcode-scanner": "^4.0.0",
        "react-dom": "^18.2.0",
        "react-router-dom": "^6.26.0",
        "react-use": "^17.5.1",
        "react-zxing": "^2.0.2",
        "use-long-press": "^3.3.0"
      },
      "devDependencies": {
        "@types/lodash.pick": "^4.4.9",
        "@types/react": "^18.2.25",
        "@types/react-dom": "^18.2.11",
        "@typescript-eslint/eslint-plugin": "^6.7.4",
        "@typescript-eslint/parser": "^6.7.4",
        "@vitejs/plugin-react-swc": "^3.4.0",
        "eslint": "^8.51.0",
        "eslint-plugin-react": "^7.33.2",
        "eslint-plugin-react-hooks": "^4.6.0",
        "eslint-plugin-react-refresh": "^0.4.3",
        "sass": "^1.89.0",
        "typescript": "^5.2.2",
        "vite": "^4.4.11",
        "vite-plugin-mkcert": "^1.17.8",
        "vite-plugin-svgr": "^4.3.0",
        "vite-tsconfig-paths": "^4.3.2"
      }
    },
    "apps/server": {
      "name": "@inventory-tracker/server",
      "version": "1.0.0",
      "extraneous": true,
      "hasInstallScript": true,
      "license": "MIT",
      "dependencies": {
        "@koa/bodyparser": "^5.1.1",
        "@koa/cors": "^5.0.0",
        "@koa/router": "^12.0.1",
        "dotenv": "^16.4.5",
        "fast-redact": "^3.5.0",
        "js-sha256": "^0.11.0",
        "jsdom": "^24.0.0",
        "jsonwebtoken": "^9.0.2",
        "koa": "^2.15.3",
        "koa-bodyparser": "^4.4.1",
        "koa-cookies": "^4.0.2",
        "lodash.omit": "^4.5.0",
        "mailgen": "^2.0.29",
        "mongoose": "^8.4.0",
        "ms": "^2.1.3",
        "nodemailer": "^7.0.6",
        "reflect-metadata": "^0.2.2"
      },
      "devDependencies": {
        "@types/fast-redact": "^3.0.4",
        "@types/jsdom": "^21.1.6",
        "@types/jsonwebtoken": "^9.0.6",
        "@types/koa": "^2.15.0",
        "@types/koa__router": "^12.0.4",
        "@types/koa-bodyparser": "^4.3.12",
        "@types/lodash.omit": "^4.5.9",
        "@types/nodemailer": "^7.0.1",
        "bun-types": "^1.2.22",
        "copyfiles": "^2.4.1",
        "nodemon": "^3.1.0",
        "rimraf": "^6.0.1",
        "ts-node": "^10.9.2",
        "tsc-alias": "^1.8.10",
        "tsconfig-paths": "^4.2.0",
        "tsx": "^4.10.5",
        "typescript": "^5.4.5"
      }
    },
    "node_modules/generate-password": {
      "version": "1.7.1",
      "dev": true,
      "license": "MIT"
    },
    "node_modules/turbo": {
      "version": "2.5.6",
      "dev": true,
      "license": "MIT",
      "bin": {
        "turbo": "bin/turbo"
      },
      "optionalDependencies": {
        "turbo-darwin-64": "2.5.6",
        "turbo-darwin-arm64": "2.5.6",
        "turbo-linux-64": "2.5.6",
        "turbo-linux-arm64": "2.5.6",
        "turbo-windows-64": "2.5.6",
        "turbo-windows-arm64": "2.5.6"
      }
    },
    "node_modules/turbo-darwin-arm64": {
      "version": "2.5.6",
      "cpu": [
        "arm64"
      ],
      "dev": true,
      "license": "MIT",
      "optional": true,
      "os": [
        "darwin"
      ]
    }
  }
}
